
Microsoft Visual Studio Solution File, Format Version 12.00
# Visual Studio 15
VisualStudioVersion = 15.0.27428.2015
MinimumVisualStudioVersion = 10.0.40219.1
Project("{FAE04EC0-301F-11D3-BF4B-00C04F79EFBC}") = "Abantes", "Abantes\Abantes.csproj", "{5790B1B9-D0E9-4CB3-9E68-7835B35743DA}"
EndProject
Project("{8BC9CEB8-8B4A-11D0-8D11-00A0C91BC942}") = "Payloads", "Payloads\Payloads.vcxproj", "{EE443E8B-D89D-48D3-A5B4-4B42513E4CE3}"
EndProject
Project("{FAE04EC0-301F-11D3-BF4B-00C04F79EFBC}") = "LogonUI", "LogonUI\LogonUI.csproj", "{1F17F89A-8282-4EDB-89CF-09E1CDFE28EB}"
EndProject
Project("{FAE04EC0-301F-11D3-BF4B-00C04F79EFBC}") = "Rules", "Rules\Rules.csproj", "{9E80E507-966E-4685-885D-240DD324F8DB}"
EndProject
Global
	GlobalSection(SolutionConfigurationPlatforms) = preSolution
		Debug|Any CPU = Debug|Any CPU
		Debug|x64 = Debug|x64
		Debug|x86 = Debug|x86
		Release|Any CPU = Release|Any CPU
		Release|x64 = Release|x64
		Release|x86 = Release|x86
	EndGlobalSection
	GlobalSection(ProjectConfigurationPlatforms) = postSolution
		{5790B1B9-D0E9-4CB3-9E68-7835B35743DA}.Debug|Any CPU.ActiveCfg = Debug|Any CPU
		{5790B1B9-D0E9-4CB3-9E68-7835B35743DA}.Debug|Any CPU.Build.0 = Debug|Any CPU
		{5790B1B9-D0E9-4CB3-9E68-7835B35743DA}.Debug|x64.ActiveCfg = Debug|Any CPU
		{5790B1B9-D0E9-4CB3-9E68-7835B35743DA}.Debug|x64.Build.0 = Debug|Any CPU
		{5790B1B9-D0E9-4CB3-9E68-7835B35743DA}.Debug|x86.ActiveCfg = Debug|Any CPU
		{5790B1B9-D0E9-4CB3-9E68-7835B35743DA}.Debug|x86.Build.0 = Debug|Any CPU
		{5790B1B9-D0E9-4CB3-9E68-7835B35743DA}.Release|Any CPU.ActiveCfg = Release|Any CPU
		{5790B1B9-D0E9-4CB3-9E68-7835B35743DA}.Release|Any CPU.Build.0 = Release|Any CPU
		{5790B1B9-D0E9-4CB3-9E68-7835B35743DA}.Release|x64.ActiveCfg = Release|Any CPU
		{5790B1B9-D0E9-4CB3-9E68-7835B35743DA}.Release|x64.Build.0 = Release|Any CPU
		{5790B1B9-D0E9-4CB3-9E68-7835B35743DA}.Release|x86.ActiveCfg = Release|Any CPU
		{5790B1B9-D0E9-4CB3-9E68-7835B35743DA}.Release|x86.Build.0 = Release|Any CPU
		{EE443E8B-D89D-48D3-A5B4-4B42513E4CE3}.Debug|Any CPU.ActiveCfg = Debug|Win32
		{EE443E8B-D89D-48D3-A5B4-4B42513E4CE3}.Debug|x64.ActiveCfg = Debug|x64
		{EE443E8B-D89D-48D3-A5B4-4B42513E4CE3}.Debug|x64.Build.0 = Debug|x64
		{EE443E8B-D89D-48D3-A5B4-4B42513E4CE3}.Debug|x86.ActiveCfg = Debug|Win32
		{EE443E8B-D89D-48D3-A5B4-4B42513E4CE3}.Debug|x86.Build.0 = Debug|Win32
		{EE443E8B-D89D-48D3-A5B4-4B42513E4CE3}.Release|Any CPU.ActiveCfg = Release|Win32
		{EE443E8B-D89D-48D3-A5B4-4B42513E4CE3}.Release|x64.ActiveCfg = Release|x64
		{EE443E8B-D89D-48D3-A5B4-4B42513E4CE3}.Release|x64.Build.0 = Release|x64
		{EE443E8B-D89D-48D3-A5B4-4B42513E4CE3}.Release|x86.ActiveCfg = Release|Win32
		{EE443E8B-D89D-48D3-A5B4-4B42513E4CE3}.Release|x86.Build.0 = Release|Win32
		{1F17F89A-8282-4EDB-89CF-09E1CDFE28EB}.Debug|Any CPU.ActiveCfg = Debug|Any CPU
		{1F17F89A-8282-4EDB-89CF-09E1CDFE28EB}.Debug|Any CPU.Build.0 = Debug|Any CPU
		{1F17F89A-8282-4EDB-89CF-09E1CDFE28EB}.Debug|x64.ActiveCfg = Debug|Any CPU
		{1F17F89A-8282-4EDB-89CF-09E1CDFE28EB}.Debug|x64.Build.0 = Debug|Any CPU
		{1F17F89A-8282-4EDB-89CF-09E1CDFE28EB}.Debug|x86.ActiveCfg = Debug|Any CPU
		{1F17F89A-8282-4EDB-89CF-09E1CDFE28EB}.Debug|x86.Build.0 = Debug|Any CPU
		{1F17F89A-8282-4EDB-89CF-09E1CDFE28EB}.Release|Any CPU.ActiveCfg = Release|Any CPU
		{1F17F89A-8282-4EDB-89CF-09E1CDFE28EB}.Release|Any CPU.Build.0 = Release|Any CPU
		{1F17F89A-8282-4EDB-89CF-09E1CDFE28EB}.Release|x64.ActiveCfg = Release|Any CPU
		{1F17F89A-8282-4EDB-89CF-09E1CDFE28EB}.Release|x64.Build.0 = Release|Any CPU
		{1F17F89A-8282-4EDB-89CF-09E1CDFE28EB}.Release|x86.ActiveCfg = Release|Any CPU
		{1F17F89A-8282-4EDB-89CF-09E1CDFE28EB}.Release|x86.Build.0 = Release|Any CPU
		{9E80E507-966E-4685-885D-240DD324F8DB}.Debug|Any CPU.ActiveCfg = Debug|Any CPU
		{9E80E507-966E-4685-885D-240DD324F8DB}.Debug|Any CPU.Build.0 = Debug|Any CPU
		{9E80E507-966E-4685-885D-240DD324F8DB}.Debug|x64.ActiveCfg = Debug|Any CPU
		{9E80E507-966E-4685-885D-240DD324F8DB}.Debug|x64.Build.0 = Debug|Any CPU
		{9E80E507-966E-4685-885D-240DD324F8DB}.Debug|x86.ActiveCfg = Debug|Any CPU
		{9E80E507-966E-4685-885D-240DD324F8DB}.Debug|x86.Build.0 = Debug|Any CPU
		{9E80E507-966E-4685-885D-240DD324F8DB}.Release|Any CPU.ActiveCfg = Release|Any CPU
		{9E80E507-966E-4685-885D-240DD324F8DB}.Release|Any CPU.Build.0 = Release|Any CPU
		{9E80E507-966E-4685-885D-240DD324F8DB}.Release|x64.ActiveCfg = Release|Any CPU
		{9E80E507-966E-4685-885D-240DD324F8DB}.Release|x64.Build.0 = Release|Any CPU
		{9E80E507-966E-4685-885D-240DD324F8DB}.Release|x86.ActiveCfg = Release|Any CPU
		{9E80E507-966E-4685-885D-240DD324F8DB}.Release|x86.Build.0 = Release|Any CPU
	EndGlobalSection
	GlobalSection(SolutionProperties) = preSolution
		HideSolutionNode = FALSE
	EndGlobalSection
	GlobalSection(ExtensibilityGlobals) = postSolution
		SolutionGuid = {81D1BA03-2327-419C-B7AA-BF346B0EA5CE}
	EndGlobalSection
EndGlobal
